
Microsoft Visual Studio Solution File, Format Version 12.00
Project("{2150E333-8FDC-42A3-9474-1A3956D46DE8}") = "src", "src", "{651C68A4-2BA6-4F9A-9C60-0670E5528FAB}"
EndProject
Project("{2150E333-8FDC-42A3-9474-1A3956D46DE8}") = "tests", "tests", "{02F3EEC6-10AE-4BDC-AAA2-AE4BD8C8AB49}"
EndProject
Project("{FAE04EC0-301F-11D3-BF4B-00C04F79EFBC}") = "CityNexus.People.Domain", "src\CityNexus.People.Domain\CityNexus.People.Domain.csproj", "{33FE79F2-6665-48C2-B687-9C60F860EC06}"
EndProject
Project("{FAE04EC0-301F-11D3-BF4B-00C04F79EFBC}") = "CityNexus.People.Domain.UnitTests", "tests\CityNexus.People.Domain.UnitTests\CityNexus.People.Domain.UnitTests.csproj", "{483A67A0-36FF-486A-BEFC-A6F5057D76FB}"
EndProject
Global
	GlobalSection(SolutionConfigurationPlatforms) = preSolution
		Debug|Any CPU = Debug|Any CPU
		Release|Any CPU = Release|Any CPU
	EndGlobalSection
	GlobalSection(ProjectConfigurationPlatforms) = postSolution
		{33FE79F2-6665-48C2-B687-9C60F860EC06}.Debug|Any CPU.ActiveCfg = Debug|Any CPU
		{33FE79F2-6665-48C2-B687-9C60F860EC06}.Debug|Any CPU.Build.0 = Debug|Any CPU
		{33FE79F2-6665-48C2-B687-9C60F860EC06}.Release|Any CPU.ActiveCfg = Release|Any CPU
		{33FE79F2-6665-48C2-B687-9C60F860EC06}.Release|Any CPU.Build.0 = Release|Any CPU
		{483A67A0-36FF-486A-BEFC-A6F5057D76FB}.Debug|Any CPU.ActiveCfg = Debug|Any CPU
		{483A67A0-36FF-486A-BEFC-A6F5057D76FB}.Debug|Any CPU.Build.0 = Debug|Any CPU
		{483A67A0-36FF-486A-BEFC-A6F5057D76FB}.Release|Any CPU.ActiveCfg = Release|Any CPU
		{483A67A0-36FF-486A-BEFC-A6F5057D76FB}.Release|Any CPU.Build.0 = Release|Any CPU
	EndGlobalSection
	GlobalSection(NestedProjects) = preSolution
		{33FE79F2-6665-48C2-B687-9C60F860EC06} = {651C68A4-2BA6-4F9A-9C60-0670E5528FAB}
		{483A67A0-36FF-486A-BEFC-A6F5057D76FB} = {02F3EEC6-10AE-4BDC-AAA2-AE4BD8C8AB49}
	EndGlobalSection
EndGlobal
